// !$*UTF8*$!
{
	archiveVersion = 1;
	classes = {
	};
	objectVersion = 55;
	objects = {

/* Begin PBXBuildFile section */
		B34DDA8128D9E827002BAF21 /* Realm in Frameworks */ = {isa = PBXBuildFile; productRef = B34DDA8028D9E827002BAF21 /* Realm */; };
		B34DDA8328D9E827002BAF21 /* RealmSwift in Frameworks */ = {isa = PBXBuildFile; productRef = B34DDA8228D9E827002BAF21 /* RealmSwift */; };
		B34DDA8528D9ECC7002BAF21 /* RealmDBHelper.swift in Sources */ = {isa = PBXBuildFile; fileRef = B34DDA8428D9ECC7002BAF21 /* RealmDBHelper.swift */; };
		B3C11F4D28D9BCCD0061CB2D /* AppDelegate.swift in Sources */ = {isa = PBXBuildFile; fileRef = B3C11F4C28D9BCCD0061CB2D /* AppDelegate.swift */; };
		B3C11F4F28D9BCCD0061CB2D /* SceneDelegate.swift in Sources */ = {isa = PBXBuildFile; fileRef = B3C11F4E28D9BCCD0061CB2D /* SceneDelegate.swift */; };
		B3C11F5128D9BCCD0061CB2D /* ViewController.swift in Sources */ = {isa = PBXBuildFile; fileRef = B3C11F5028D9BCCD0061CB2D /* ViewController.swift */; };
		B3C11F5428D9BCCD0061CB2D /* Main.storyboard in Resources */ = {isa = PBXBuildFile; fileRef = B3C11F5228D9BCCD0061CB2D /* Main.storyboard */; };
		B3C11F5728D9BCCD0061CB2D /* CoreData_vs_Realm.xcdatamodeld in Sources */ = {isa = PBXBuildFile; fileRef = B3C11F5528D9BCCD0061CB2D /* CoreData_vs_Realm.xcdatamodeld */; };
		B3C11F5928D9BCCE0061CB2D /* Assets.xcassets in Resources */ = {isa = PBXBuildFile; fileRef = B3C11F5828D9BCCE0061CB2D /* Assets.xcassets */; };
		B3C11F5C28D9BCCE0061CB2D /* LaunchScreen.storyboard in Resources */ = {isa = PBXBuildFile; fileRef = B3C11F5A28D9BCCE0061CB2D /* LaunchScreen.storyboard */; };
		B3C11F6428D9C51B0061CB2D /* Extensions.swift in Sources */ = {isa = PBXBuildFile; fileRef = B3C11F6328D9C51B0061CB2D /* Extensions.swift */; };
		B3C11F6628D9C5CD0061CB2D /* ViewModel.swift in Sources */ = {isa = PBXBuildFile; fileRef = B3C11F6528D9C5CD0061CB2D /* ViewModel.swift */; };
		B3C11F6828D9C8FB0061CB2D /* CoreDataHelper.swift in Sources */ = {isa = PBXBuildFile; fileRef = B3C11F6728D9C8FB0061CB2D /* CoreDataHelper.swift */; };
		B3C11F6B28D9E59B0061CB2D /* TestRealmEntity.swift in Sources */ = {isa = PBXBuildFile; fileRef = B3C11F6A28D9E59B0061CB2D /* TestRealmEntity.swift */; };
/* End PBXBuildFile section */

/* Begin PBXFileReference section */
		B34DDA8428D9ECC7002BAF21 /* RealmDBHelper.swift */ = {isa = PBXFileReference; lastKnownFileType = sourcecode.swift; path = RealmDBHelper.swift; sourceTree = "<group>"; };
		B34DDA8628D9F8AF002BAF21 /* CoreData vs Realm.entitlements */ = {isa = PBXFileReference; lastKnownFileType = text.plist.entitlements; path = "CoreData vs Realm.entitlements"; sourceTree = "<group>"; };
		B3C11F4928D9BCCD0061CB2D /* CoreData vs Realm.app */ = {isa = PBXFileReference; explicitFileType = wrapper.application; includeInIndex = 0; path = "CoreData vs Realm.app"; sourceTree = BUILT_PRODUCTS_DIR; };
		B3C11F4C28D9BCCD0061CB2D /* AppDelegate.swift */ = {isa = PBXFileReference; lastKnownFileType = sourcecode.swift; path = AppDelegate.swift; sourceTree = "<group>"; };
		B3C11F4E28D9BCCD0061CB2D /* SceneDelegate.swift */ = {isa = PBXFileReference; lastKnownFileType = sourcecode.swift; path = SceneDelegate.swift; sourceTree = "<group>"; };
		B3C11F5028D9BCCD0061CB2D /* ViewController.swift */ = {isa = PBXFileReference; lastKnownFileType = sourcecode.swift; path = ViewController.swift; sourceTree = "<group>"; };
		B3C11F5328D9BCCD0061CB2D /* Base */ = {isa = PBXFileReference; lastKnownFileType = file.storyboard; name = Base; path = Base.lproj/Main.storyboard; sourceTree = "<group>"; };
		B3C11F5628D9BCCD0061CB2D /* CoreData_vs_Realm.xcdatamodel */ = {isa = PBXFileReference; lastKnownFileType = wrapper.xcdatamodel; path = CoreData_vs_Realm.xcdatamodel; sourceTree = "<group>"; };
		B3C11F5828D9BCCE0061CB2D /* Assets.xcassets */ = {isa = PBXFileReference; lastKnownFileType = folder.assetcatalog; path = Assets.xcassets; sourceTree = "<group>"; };
		B3C11F5B28D9BCCE0061CB2D /* Base */ = {isa = PBXFileReference; lastKnownFileType = file.storyboard; name = Base; path = Base.lproj/LaunchScreen.storyboard; sourceTree = "<group>"; };
		B3C11F5D28D9BCCE0061CB2D /* Info.plist */ = {isa = PBXFileReference; lastKnownFileType = text.plist.xml; path = Info.plist; sourceTree = "<group>"; };
		B3C11F6328D9C51B0061CB2D /* Extensions.swift */ = {isa = PBXFileReference; lastKnownFileType = sourcecode.swift; path = Extensions.swift; sourceTree = "<group>"; };
		B3C11F6528D9C5CD0061CB2D /* ViewModel.swift */ = {isa = PBXFileReference; lastKnownFileType = sourcecode.swift; path = ViewModel.swift; sourceTree = "<group>"; };
		B3C11F6728D9C8FB0061CB2D /* CoreDataHelper.swift */ = {isa = PBXFileReference; lastKnownFileType = sourcecode.swift; path = CoreDataHelper.swift; sourceTree = "<group>"; };
		B3C11F6A28D9E59B0061CB2D /* TestRealmEntity.swift */ = {isa = PBXFileReference; lastKnownFileType = sourcecode.swift; path = TestRealmEntity.swift; sourceTree = "<group>"; };
/* End PBXFileReference section */

/* Begin PBXFrameworksBuildPhase section */
		B3C11F4628D9BCCD0061CB2D /* Frameworks */ = {
			isa = PBXFrameworksBuildPhase;
			buildActionMask = 2147483647;
			files = (
				B34DDA8328D9E827002BAF21 /* RealmSwift in Frameworks */,
				B34DDA8128D9E827002BAF21 /* Realm in Frameworks */,
			);
			runOnlyForDeploymentPostprocessing = 0;
		};
/* End PBXFrameworksBuildPhase section */

/* Begin PBXGroup section */
		B3C11F4028D9BCCD0061CB2D = {
			isa = PBXGroup;
			children = (
				B3C11F4B28D9BCCD0061CB2D /* CoreData vs Realm */,
				B3C11F4A28D9BCCD0061CB2D /* Products */,
			);
			sourceTree = "<group>";
		};
		B3C11F4A28D9BCCD0061CB2D /* Products */ = {
			isa = PBXGroup;
			children = (
				B3C11F4928D9BCCD0061CB2D /* CoreData vs Realm.app */,
			);
			name = Products;
			sourceTree = "<group>";
		};
		B3C11F4B28D9BCCD0061CB2D /* CoreData vs Realm */ = {
			isa = PBXGroup;
			children = (
				B34DDA8628D9F8AF002BAF21 /* CoreData vs Realm.entitlements */,
				B3C11F4C28D9BCCD0061CB2D /* AppDelegate.swift */,
				B3C11F4E28D9BCCD0061CB2D /* SceneDelegate.swift */,
				B3C11F5028D9BCCD0061CB2D /* ViewController.swift */,
				B3C11F6528D9C5CD0061CB2D /* ViewModel.swift */,
				B3C11F6328D9C51B0061CB2D /* Extensions.swift */,
				B3C11F5228D9BCCD0061CB2D /* Main.storyboard */,
				B3C11F5828D9BCCE0061CB2D /* Assets.xcassets */,
				B3C11F5A28D9BCCE0061CB2D /* LaunchScreen.storyboard */,
				B3C11F5D28D9BCCE0061CB2D /* Info.plist */,
				B3C11F5528D9BCCD0061CB2D /* CoreData_vs_Realm.xcdatamodeld */,
				B3C11F6728D9C8FB0061CB2D /* CoreDataHelper.swift */,
				B3C11F6A28D9E59B0061CB2D /* TestRealmEntity.swift */,
				B34DDA8428D9ECC7002BAF21 /* RealmDBHelper.swift */,
			);
			path = "CoreData vs Realm";
			sourceTree = "<group>";
		};
/* End PBXGroup section */

/* Begin PBXNativeTarget section */
		B3C11F4828D9BCCD0061CB2D /* CoreData vs Realm */ = {
			isa = PBXNativeTarget;
			buildConfigurationList = B3C11F6028D9BCCE0061CB2D /* Build configuration list for PBXNativeTarget "CoreData vs Realm" */;
			buildPhases = (
				B3C11F4528D9BCCD0061CB2D /* Sources */,
				B3C11F4628D9BCCD0061CB2D /* Frameworks */,
				B3C11F4728D9BCCD0061CB2D /* Resources */,
			);
			buildRules = (
			);
			dependencies = (
			);
			name = "CoreData vs Realm";
			packageProductDependencies = (
				B34DDA8028D9E827002BAF21 /* Realm */,
				B34DDA8228D9E827002BAF21 /* RealmSwift */,
			);
			productName = "CoreData vs Realm";
			productReference = B3C11F4928D9BCCD0061CB2D /* CoreData vs Realm.app */;
			productType = "com.apple.product-type.application";
		};
/* End PBXNativeTarget section */

/* Begin PBXProject section */
		B3C11F4128D9BCCD0061CB2D /* Project object */ = {
			isa = PBXProject;
			attributes = {
				BuildIndependentTargetsInParallel = 1;
				LastSwiftUpdateCheck = 1340;
				LastUpgradeCheck = 1340;
				TargetAttributes = {
					B3C11F4828D9BCCD0061CB2D = {
						CreatedOnToolsVersion = 13.4.1;
					};
				};
			};
			buildConfigurationList = B3C11F4428D9BCCD0061CB2D /* Build configuration list for PBXProject "CoreData vs Realm" */;
			compatibilityVersion = "Xcode 13.0";
			developmentRegion = en;
			hasScannedForEncodings = 0;
			knownRegions = (
				en,
				Base,
			);
			mainGroup = B3C11F4028D9BCCD0061CB2D;
			packageReferences = (
				B34DDA7F28D9E827002BAF21 /* XCRemoteSwiftPackageReference "realm-swift" */,
			);
			productRefGroup = B3C11F4A28D9BCCD0061CB2D /* Products */;
			projectDirPath = "";
			projectRoot = "";
			targets = (
				B3C11F4828D9BCCD0061CB2D /* CoreData vs Realm */,
			);
		};
/* End PBXProject section */

/* Begin PBXResourcesBuildPhase section */
		B3C11F4728D9BCCD0061CB2D /* Resources */ = {
			isa = PBXResourcesBuildPhase;
			buildActionMask = 2147483647;
			files = (
				B3C11F5C28D9BCCE0061CB2D /* LaunchScreen.storyboard in Resources */,
				B3C11F5928D9BCCE0061CB2D /* Assets.xcassets in Resources */,
				B3C11F5428D9BCCD0061CB2D /* Main.storyboard in Resources */,
			);
			runOnlyForDeploymentPostprocessing = 0;
		};
/* End PBXResourcesBuildPhase section */

/* Begin PBXSourcesBuildPhase section */
		B3C11F4528D9BCCD0061CB2D /* Sources */ = {
			isa = PBXSourcesBuildPhase;
			buildActionMask = 2147483647;
			files = (
				B3C11F6428D9C51B0061CB2D /* Extensions.swift in Sources */,
				B3C11F5128D9BCCD0061CB2D /* ViewController.swift in Sources */,
				B3C11F5728D9BCCD0061CB2D /* CoreData_vs_Realm.xcdatamodeld in Sources */,
				B3C11F6828D9C8FB0061CB2D /* CoreDataHelper.swift in Sources */,
				B3C11F4D28D9BCCD0061CB2D /* AppDelegate.swift in Sources */,
				B3C11F6628D9C5CD0061CB2D /* ViewModel.swift in Sources */,
				B34DDA8528D9ECC7002BAF21 /* RealmDBHelper.swift in Sources */,
				B3C11F6B28D9E59B0061CB2D /* TestRealmEntity.swift in Sources */,
				B3C11F4F28D9BCCD0061CB2D /* SceneDelegate.swift in Sources */,
			);
			runOnlyForDeploymentPostprocessing = 0;
		};
/* End PBXSourcesBuildPhase section */

/* Begin PBXVariantGroup section */
		B3C11F5228D9BCCD0061CB2D /* Main.storyboard */ = {
			isa = PBXVariantGroup;
			children = (
				B3C11F5328D9BCCD0061CB2D /* Base */,
			);
			name = Main.storyboard;
			sourceTree = "<group>";
		};
		B3C11F5A28D9BCCE0061CB2D /* LaunchScreen.storyboard */ = {
			isa = PBXVariantGroup;
			children = (
				B3C11F5B28D9BCCE0061CB2D /* Base */,
			);
			name = LaunchScreen.storyboard;
			sourceTree = "<group>";
		};
/* End PBXVariantGroup section */

/* Begin XCBuildConfiguration section */
		B3C11F5E28D9BCCE0061CB2D /* Debug */ = {
			isa = XCBuildConfiguration;
			buildSettings = {
				ALWAYS_SEARCH_USER_PATHS = NO;
				APP_GROUP = "group.faizan.poc.coredata-vs-realm";
				CLANG_ANALYZER_NONNULL = YES;
				CLANG_ANALYZER_NUMBER_OBJECT_CONVERSION = YES_AGGRESSIVE;
				CLANG_CXX_LANGUAGE_STANDARD = "gnu++17";
				CLANG_ENABLE_MODULES = YES;
				CLANG_ENABLE_OBJC_ARC = YES;
				CLANG_ENABLE_OBJC_WEAK = YES;
				CLANG_WARN_BLOCK_CAPTURE_AUTORELEASING = YES;
				CLANG_WARN_BOOL_CONVERSION = YES;
				CLANG_WARN_COMMA = YES;
				CLANG_WARN_CONSTANT_CONVERSION = YES;
				CLANG_WARN_DEPRECATED_OBJC_IMPLEMENTATIONS = YES;
				CLANG_WARN_DIRECT_OBJC_ISA_USAGE = YES_ERROR;
				CLANG_WARN_DOCUMENTATION_COMMENTS = YES;
				CLANG_WARN_EMPTY_BODY = YES;
				CLANG_WARN_ENUM_CONVERSION = YES;
				CLANG_WARN_INFINITE_RECURSION = YES;
				CLANG_WARN_INT_CONVERSION = YES;
				CLANG_WARN_NON_LITERAL_NULL_CONVERSION = YES;
				CLANG_WARN_OBJC_IMPLICIT_RETAIN_SELF = YES;
				CLANG_WARN_OBJC_LITERAL_CONVERSION = YES;
				CLANG_WARN_OBJC_ROOT_CLASS = YES_ERROR;
				CLANG_WARN_QUOTED_INCLUDE_IN_FRAMEWORK_HEADER = YES;
				CLANG_WARN_RANGE_LOOP_ANALYSIS = YES;
				CLANG_WARN_STRICT_PROTOTYPES = YES;
				CLANG_WARN_SUSPICIOUS_MOVE = YES;
				CLANG_WARN_UNGUARDED_AVAILABILITY = YES_AGGRESSIVE;
				CLANG_WARN_UNREACHABLE_CODE = YES;
				CLANG_WARN__DUPLICATE_METHOD_MATCH = YES;
				COPY_PHASE_STRIP = NO;
				DEBUG_INFORMATION_FORMAT = dwarf;
				ENABLE_STRICT_OBJC_MSGSEND = YES;
				ENABLE_TESTABILITY = YES;
				GCC_C_LANGUAGE_STANDARD = gnu11;
				GCC_DYNAMIC_NO_PIC = NO;
				GCC_NO_COMMON_BLOCKS = YES;
				GCC_OPTIMIZATION_LEVEL = 0;
				GCC_PREPROCESSOR_DEFINITIONS = (
					"DEBUG=1",
					"$(inherited)",
				);
				GCC_WARN_64_TO_32_BIT_CONVERSION = YES;
				GCC_WARN_ABOUT_RETURN_TYPE = YES_ERROR;
				GCC_WARN_UNDECLARED_SELECTOR = YES;
				GCC_WARN_UNINITIALIZED_AUTOS = YES_AGGRESSIVE;
				GCC_WARN_UNUSED_FUNCTION = YES;
				GCC_WARN_UNUSED_VARIABLE = YES;
				IPHONEOS_DEPLOYMENT_TARGET = 13.0;
				MTL_ENABLE_DEBUG_INFO = INCLUDE_SOURCE;
				MTL_FAST_MATH = YES;
				ONLY_ACTIVE_ARCH = YES;
				SDKROOT = iphoneos;
				SWIFT_ACTIVE_COMPILATION_CONDITIONS = DEBUG;
				SWIFT_OPTIMIZATION_LEVEL = "-Onone";
			};
			name = Debug;
		};
		B3C11F5F28D9BCCE0061CB2D /* Release */ = {
			isa = XCBuildConfiguration;
			buildSettings = {
				ALWAYS_SEARCH_USER_PATHS = NO;
				APP_GROUP = "group.faizan.poc.coredata-vs-realm";
				CLANG_ANALYZER_NONNULL = YES;
				CLANG_ANALYZER_NUMBER_OBJECT_CONVERSION = YES_AGGRESSIVE;
				CLANG_CXX_LANGUAGE_STANDARD = "gnu++17";
				CLANG_ENABLE_MODULES = YES;
				CLANG_ENABLE_OBJC_ARC = YES;
				CLANG_ENABLE_OBJC_WEAK = YES;
				CLANG_WARN_BLOCK_CAPTURE_AUTORELEASING = YES;
				CLANG_WARN_BOOL_CONVERSION = YES;
				CLANG_WARN_COMMA = YES;
				CLANG_WARN_CONSTANT_CONVERSION = YES;
				CLANG_WARN_DEPRECATED_OBJC_IMPLEMENTATIONS = YES;
				CLANG_WARN_DIRECT_OBJC_ISA_USAGE = YES_ERROR;
				CLANG_WARN_DOCUMENTATION_COMMENTS = YES;
				CLANG_WARN_EMPTY_BODY = YES;
				CLANG_WARN_ENUM_CONVERSION = YES;
				CLANG_WARN_INFINITE_RECURSION = YES;
				CLANG_WARN_INT_CONVERSION = YES;
				CLANG_WARN_NON_LITERAL_NULL_CONVERSION = YES;
				CLANG_WARN_OBJC_IMPLICIT_RETAIN_SELF = YES;
				CLANG_WARN_OBJC_LITERAL_CONVERSION = YES;
				CLANG_WARN_OBJC_ROOT_CLASS = YES_ERROR;
				CLANG_WARN_QUOTED_INCLUDE_IN_FRAMEWORK_HEADER = YES;
				CLANG_WARN_RANGE_LOOP_ANALYSIS = YES;
				CLANG_WARN_STRICT_PROTOTYPES = YES;
				CLANG_WARN_SUSPICIOUS_MOVE = YES;
				CLANG_WARN_UNGUARDED_AVAILABILITY = YES_AGGRESSIVE;
				CLANG_WARN_UNREACHABLE_CODE = YES;
				CLANG_WARN__DUPLICATE_METHOD_MATCH = YES;
				COPY_PHASE_STRIP = NO;
				DEBUG_INFORMATION_FORMAT = "dwarf-with-dsym";
				ENABLE_NS_ASSERTIONS = NO;
				ENABLE_STRICT_OBJC_MSGSEND = YES;
				GCC_C_LANGUAGE_STANDARD = gnu11;
				GCC_NO_COMMON_BLOCKS = YES;
				GCC_WARN_64_TO_32_BIT_CONVERSION = YES;
				GCC_WARN_ABOUT_RETURN_TYPE = YES_ERROR;
				GCC_WARN_UNDECLARED_SELECTOR = YES;
				GCC_WARN_UNINITIALIZED_AUTOS = YES_AGGRESSIVE;
				GCC_WARN_UNUSED_FUNCTION = YES;
				GCC_WARN_UNUSED_VARIABLE = YES;
				IPHONEOS_DEPLOYMENT_TARGET = 13.0;
				MTL_ENABLE_DEBUG_INFO = NO;
				MTL_FAST_MATH = YES;
				SDKROOT = iphoneos;
				SWIFT_COMPILATION_MODE = wholemodule;
				SWIFT_OPTIMIZATION_LEVEL = "-O";
				VALIDATE_PRODUCT = YES;
			};
			name = Release;
		};
		B3C11F6128D9BCCE0061CB2D /* Debug */ = {
			isa = XCBuildConfiguration;
			buildSettings = {
				APP_GROUP = "group.faizan.poc.coredata-vs-realm";
				ASSETCATALOG_COMPILER_APPICON_NAME = AppIcon;
				ASSETCATALOG_COMPILER_GLOBAL_ACCENT_COLOR_NAME = AccentColor;
				CODE_SIGN_ENTITLEMENTS = "CoreData vs Realm/CoreData vs Realm.entitlements";
				CODE_SIGN_STYLE = Automatic;
				CURRENT_PROJECT_VERSION = 1;
				DEVELOPMENT_TEAM = 35DBB79835;
				GENERATE_INFOPLIST_FILE = YES;
				INFOPLIST_FILE = "CoreData vs Realm/Info.plist";
				INFOPLIST_KEY_UIApplicationSupportsIndirectInputEvents = YES;
				INFOPLIST_KEY_UILaunchStoryboardName = LaunchScreen;
				INFOPLIST_KEY_UIMainStoryboardFile = Main;
				INFOPLIST_KEY_UISupportedInterfaceOrientations_iPad = "UIInterfaceOrientationPortrait UIInterfaceOrientationPortraitUpsideDown UIInterfaceOrientationLandscapeLeft UIInterfaceOrientationLandscapeRight";
				INFOPLIST_KEY_UISupportedInterfaceOrientations_iPhone = "UIInterfaceOrientationPortrait UIInterfaceOrientationLandscapeLeft UIInterfaceOrientationLandscapeRight";
				LD_RUNPATH_SEARCH_PATHS = (
					"$(inherited)",
					"@executable_path/Frameworks",
				);
				MARKETING_VERSION = 1.0;
				PRODUCT_BUNDLE_IDENTIFIER = "faizan.poc.Coredata-vs-Realm";
				PRODUCT_NAME = "$(TARGET_NAME)";
				SWIFT_EMIT_LOC_STRINGS = YES;
				SWIFT_VERSION = 5.0;
				TARGETED_DEVICE_FAMILY = "1,2";
			};
			name = Debug;
		};
		B3C11F6228D9BCCE0061CB2D /* Release */ = {
			isa = XCBuildConfiguration;
			buildSettings = {
				APP_GROUP = "group.faizan.poc.coredata-vs-realm";
				ASSETCATALOG_COMPILER_APPICON_NAME = AppIcon;
				ASSETCATALOG_COMPILER_GLOBAL_ACCENT_COLOR_NAME = AccentColor;
				CODE_SIGN_ENTITLEMENTS = "CoreData vs Realm/CoreData vs Realm.entitlements";
				CODE_SIGN_STYLE = Automatic;
				CURRENT_PROJECT_VERSION = 1;
				DEVELOPMENT_TEAM = 35DBB79835;
				GENERATE_INFOPLIST_FILE = YES;
				INFOPLIST_FILE = "CoreData vs Realm/Info.plist";
				INFOPLIST_KEY_UIApplicationSupportsIndirectInputEvents = YES;
				INFOPLIST_KEY_UILaunchStoryboardName = LaunchScreen;
				INFOPLIST_KEY_UIMainStoryboardFile = Main;
				INFOPLIST_KEY_UISupportedInterfaceOrientations_iPad = "UIInterfaceOrientationPortrait UIInterfaceOrientationPortraitUpsideDown UIInterfaceOrientationLandscapeLeft UIInterfaceOrientationLandscapeRight";
				INFOPLIST_KEY_UISupportedInterfaceOrientations_iPhone = "UIInterfaceOrientationPortrait UIInterfaceOrientationLandscapeLeft UIInterfaceOrientationLandscapeRight";
				LD_RUNPATH_SEARCH_PATHS = (
					"$(inherited)",
					"@executable_path/Frameworks",
				);
				MARKETING_VERSION = 1.0;
				PRODUCT_BUNDLE_IDENTIFIER = "faizan.poc.Coredata-vs-Realm";
				PRODUCT_NAME = "$(TARGET_NAME)";
				SWIFT_EMIT_LOC_STRINGS = YES;
				SWIFT_VERSION = 5.0;
				TARGETED_DEVICE_FAMILY = "1,2";
			};
			name = Release;
		};
/* End XCBuildConfiguration section */

/* Begin XCConfigurationList section */
		B3C11F4428D9BCCD0061CB2D /* Build configuration list for PBXProject "CoreData vs Realm" */ = {
			isa = XCConfigurationList;
			buildConfigurations = (
				B3C11F5E28D9BCCE0061CB2D /* Debug */,
				B3C11F5F28D9BCCE0061CB2D /* Release */,
			);
			defaultConfigurationIsVisible = 0;
			defaultConfigurationName = Release;
		};
		B3C11F6028D9BCCE0061CB2D /* Build configuration list for PBXNativeTarget "CoreData vs Realm" */ = {
			isa = XCConfigurationList;
			buildConfigurations = (
				B3C11F6128D9BCCE0061CB2D /* Debug */,
				B3C11F6228D9BCCE0061CB2D /* Release */,
			);
			defaultConfigurationIsVisible = 0;
			defaultConfigurationName = Release;
		};
/* End XCConfigurationList section */

/* Begin XCRemoteSwiftPackageReference section */
		B34DDA7F28D9E827002BAF21 /* XCRemoteSwiftPackageReference "realm-swift" */ = {
			isa = XCRemoteSwiftPackageReference;
			repositoryURL = "https://github.com/realm/realm-swift.git";
			requirement = {
				branch = master;
				kind = branch;
			};
		};
/* End XCRemoteSwiftPackageReference section */

/* Begin XCSwiftPackageProductDependency section */
		B34DDA8028D9E827002BAF21 /* Realm */ = {
			isa = XCSwiftPackageProductDependency;
			package = B34DDA7F28D9E827002BAF21 /* XCRemoteSwiftPackageReference "realm-swift" */;
			productName = Realm;
		};
		B34DDA8228D9E827002BAF21 /* RealmSwift */ = {
			isa = XCSwiftPackageProductDependency;
			package = B34DDA7F28D9E827002BAF21 /* XCRemoteSwiftPackageReference "realm-swift" */;
			productName = RealmSwift;
		};
/* End XCSwiftPackageProductDependency section */

/* Begin XCVersionGroup section */
		B3C11F5528D9BCCD0061CB2D /* CoreData_vs_Realm.xcdatamodeld */ = {
			isa = XCVersionGroup;
			children = (
				B3C11F5628D9BCCD0061CB2D /* CoreData_vs_Realm.xcdatamodel */,
			);
			currentVersion = B3C11F5628D9BCCD0061CB2D /* CoreData_vs_Realm.xcdatamodel */;
			path = CoreData_vs_Realm.xcdatamodeld;
			sourceTree = "<group>";
			versionGroupType = wrapper.xcdatamodel;
		};
/* End XCVersionGroup section */
	};
	rootObject = B3C11F4128D9BCCD0061CB2D /* Project object */;
}
